{
  "version": "5",
  "redirects": {
    "https://esm.sh/@pdf-lib/standard-fonts@^1.0.0?target=denonext": "https://esm.sh/@pdf-lib/standard-fonts@1.0.0?target=denonext",
    "https://esm.sh/@pdf-lib/upng@^1.0.1?target=denonext": "https://esm.sh/@pdf-lib/upng@1.0.1?target=denonext",
    "https://esm.sh/@supabase/node-fetch@^2.6.13?target=denonext": "https://esm.sh/@supabase/node-fetch@2.6.15?target=denonext",
    "https://esm.sh/@supabase/node-fetch@^2.6.14?target=denonext": "https://esm.sh/@supabase/node-fetch@2.6.15?target=denonext",
    "https://esm.sh/@supabase/storage-js@^2.10.4?target=denonext": "https://esm.sh/@supabase/storage-js@2.112.3?target=denonext",
    "https://esm.sh/@xmldom/xmldom@^0.8.6/lib/dom?target=denonext": "https://esm.sh/@xmldom/xmldom@0.8.14/lib/dom?target=denonext",
    "https://esm.sh/@xmldom/xmldom@^0.8.6?target=denonext": "https://esm.sh/@xmldom/xmldom@0.8.14?target=denonext",
    "https://esm.sh/base64-js@^1.5.1?target=denonext": "https://esm.sh/base64-js@1.5.1?target=denonext",
    "https://esm.sh/bluebird@~3.4.0/js/release/promise?target=denonext": "https://esm.sh/bluebird@3.4.7/js/release/promise?target=denonext",
    "https://esm.sh/buffer-crc32@~0.2.3?target=denonext": "https://esm.sh/buffer-crc32@0.2.13?target=denonext",
    "https://esm.sh/core-util-is@~1.0.0?target=denonext": "https://esm.sh/core-util-is@1.0.3?target=denonext",
    "https://esm.sh/dingbat-to-unicode@^1.0.1?target=denonext": "https://esm.sh/dingbat-to-unicode@1.0.1?target=denonext",
    "https://esm.sh/fd-slicer@~1.1.0?target=denonext": "https://esm.sh/fd-slicer@1.1.0?target=denonext",
    "https://esm.sh/iceberg-js@^0.8.1?target=denonext": "https://esm.sh/iceberg-js@0.8.1?target=denonext",
    "https://esm.sh/immediate@~3.0.5?target=denonext": "https://esm.sh/immediate@3.0.6?target=denonext",
    "https://esm.sh/isarray@~1.0.0?target=denonext": "https://esm.sh/isarray@1.0.0?target=denonext",
    "https://esm.sh/isows@^1.0.7?target=denonext": "https://esm.sh/isows@1.0.7?target=denonext",
    "https://esm.sh/jszip@^3.7.1?target=denonext": "https://esm.sh/jszip@3.10.1?target=denonext",
    "https://esm.sh/lie@~3.3.0?target=denonext": "https://esm.sh/lie@3.3.0?target=denonext",
    "https://esm.sh/lop@^0.4.1?target=denonext": "https://esm.sh/lop@0.4.2?target=denonext",
    "https://esm.sh/option@~0.2.1?target=denonext": "https://esm.sh/option@0.2.4?target=denonext",
    "https://esm.sh/pako@^1.0.10?target=denonext": "https://esm.sh/pako@1.0.11?target=denonext",
    "https://esm.sh/pako@^1.0.11?target=denonext": "https://esm.sh/pako@1.0.11?target=denonext",
    "https://esm.sh/pako@^1.0.6?target=denonext": "https://esm.sh/pako@1.0.11?target=denonext",
    "https://esm.sh/pako@~1.0.2?target=denonext": "https://esm.sh/pako@1.0.11?target=denonext",
    "https://esm.sh/path-is-absolute@^1.0.0?target=denonext": "https://esm.sh/path-is-absolute@1.0.1?target=denonext",
    "https://esm.sh/pend@~1.2.0?target=denonext": "https://esm.sh/pend@1.2.0?target=denonext",
    "https://esm.sh/process-nextick-args@~2.0.0?target=denonext": "https://esm.sh/process-nextick-args@2.0.1?target=denonext",
    "https://esm.sh/readable-stream@~2.3.6?target=denonext": "https://esm.sh/readable-stream@2.3.8?target=denonext",
    "https://esm.sh/safe-buffer@~5.1.0?target=denonext": "https://esm.sh/safe-buffer@5.1.2?target=denonext",
    "https://esm.sh/safe-buffer@~5.1.1?target=denonext": "https://esm.sh/safe-buffer@5.1.2?target=denonext",
    "https://esm.sh/saxes@^5.0.1?target=denonext": "https://esm.sh/saxes@5.0.1?target=denonext",
    "https://esm.sh/setimmediate@^1.0.5?target=denonext": "https://esm.sh/setimmediate@1.0.5?target=denonext",
    "https://esm.sh/string_decoder@~1.1.1?target=denonext": "https://esm.sh/string_decoder@1.1.1?target=denonext",
    "https://esm.sh/tr46@~0.0.3?target=denonext": "https://esm.sh/tr46@0.0.3?target=denonext",
    "https://esm.sh/tslib@^1.11.1?target=denonext": "https://esm.sh/tslib@1.14.1?target=denonext",
    "https://esm.sh/underscore@^1.13.1?target=denonext": "https://esm.sh/underscore@1.13.8?target=denonext",
    "https://esm.sh/util-deprecate@~1.0.1?target=denonext": "https://esm.sh/util-deprecate@1.0.2?target=denonext",
    "https://esm.sh/webidl-conversions@^3.0.0?target=denonext": "https://esm.sh/webidl-conversions@3.0.1?target=denonext",
    "https://esm.sh/whatwg-url@^5.0.0?target=denonext": "https://esm.sh/whatwg-url@5.0.0?target=denonext",
    "https://esm.sh/xmlbuilder@^10.0.0?target=denonext": "https://esm.sh/xmlbuilder@10.1.1?target=denonext",
    "https://esm.sh/xmlchars@^2.2.0/xml/1.0/ed5?target=denonext": "https://esm.sh/xmlchars@2.2.0/xml/1.0/ed5?target=denonext",
    "https://esm.sh/xmlchars@^2.2.0/xml/1.1/ed2?target=denonext": "https://esm.sh/xmlchars@2.2.0/xml/1.1/ed2?target=denonext",
    "https://esm.sh/xmlchars@^2.2.0/xmlns/1.0/ed3?target=denonext": "https://esm.sh/xmlchars@2.2.0/xmlns/1.0/ed3?target=denonext",
    "https://esm.sh/yauzl@^2.10.0?target=denonext": "https://esm.sh/yauzl@2.10.0?target=denonext"
  },
  "remote": {
    "https://deno.land/std@0.168.0/async/abortable.ts": "80b2ac399f142cc528f95a037a7d0e653296352d95c681e284533765961de409",
    "https://deno.land/std@0.168.0/async/deadline.ts": "2c2deb53c7c28ca1dda7a3ad81e70508b1ebc25db52559de6b8636c9278fd41f",
    "https://deno.land/std@0.168.0/async/debounce.ts": "60301ffb37e730cd2d6f9dadfd0ecb2a38857681bd7aaf6b0a106b06e5210a98",
    "https://deno.land/std@0.168.0/async/deferred.ts": "77d3f84255c3627f1cc88699d8472b664d7635990d5358c4351623e098e917d6",
    "https://deno.land/std@0.168.0/async/delay.ts": "5a9bfba8de38840308a7a33786a0155a7f6c1f7a859558ddcec5fe06e16daf57",
    "https://deno.land/std@0.168.0/async/mod.ts": "7809ad4bb223e40f5fdc043e5c7ca04e0e25eed35c32c3c32e28697c553fa6d9",
    "https://deno.land/std@0.168.0/async/mux_async_iterator.ts": "770a0ff26c59f8bbbda6b703a2235f04e379f73238e8d66a087edc68c2a2c35f",
    "https://deno.land/std@0.168.0/async/pool.ts": "6854d8cd675a74c73391c82005cbbe4cc58183bddcd1fbbd7c2bcda42b61cf69",
    "https://deno.land/std@0.168.0/async/retry.ts": "e8e5173623915bbc0ddc537698fa418cf875456c347eda1ed453528645b42e67",
    "https://deno.land/std@0.168.0/async/tee.ts": "3a47cc4e9a940904fd4341f0224907e199121c80b831faa5ec2b054c6d2eff5e",
    "https://deno.land/std@0.168.0/http/server.ts": "e99c1bee8a3f6571ee4cdeb2966efad465b8f6fe62bec1bdb59c1f007cc4d155",
    "https://esm.sh/@pdf-lib/standard-fonts@1.0.0/denonext/standard-fonts.mjs": "708d496da295d425f227de54b24c0da9be34cd33f5635d9bdd355dc549b49988",
    "https://esm.sh/@pdf-lib/standard-fonts@1.0.0?target=denonext": "6831e71a173d549ea549bc8ca62160b5309cb77c41a4a34b04bc679c9bb390bf",
    "https://esm.sh/@pdf-lib/upng@1.0.1/denonext/upng.mjs": "725dab6b2d126a6cb418f24ed9bd0aa9400949cbbbe8dcb975241236fdfa2d0d",
    "https://esm.sh/@pdf-lib/upng@1.0.1?target=denonext": "0aa62a3f01d37283242d27853ae61c7e3b8e4504a80bf2f7e748efc43fb06b19",
    "https://esm.sh/@supabase/auth-js@2.71.1/denonext/auth-js.mjs": "a92d005e4a8a03063aa2c46d7d69161fa776ce1bacccc43daa70e28fe367068e",
    "https://esm.sh/@supabase/functions-js@2.4.5/denonext/functions-js.mjs": "acfcb4db90c292c335a9dbb5664485f5e0b680533d68e6942abb9387ec7e0d0b",
    "https://esm.sh/@supabase/node-fetch@2.6.15/denonext/node-fetch.mjs": "0bae9052231f4f6dbccc7234d05ea96923dbf967be12f402764580b6bf9f713d",
    "https://esm.sh/@supabase/node-fetch@2.6.15?target=denonext": "4d28c4ad97328403184353f68434f2b6973971507919e9150297413664919cf3",
    "https://esm.sh/@supabase/postgrest-js@1.19.4/denonext/postgrest-js.mjs": "2073b5552ba10c7a8302bffffae771e3aede1daf833382355dae239fb0ab2576",
    "https://esm.sh/@supabase/realtime-js@2.11.15/denonext/realtime-js.mjs": "3b7511415165a1b503eae1dfbc10814ef3d0c1c866c97fdec4f6714bfa34a847",
    "https://esm.sh/@supabase/storage-js@2.112.3/denonext/storage-js.mjs": "e2073d5010e5e90e34bff604f710f09249de544030605963bb5d04640e22d1a0",
    "https://esm.sh/@supabase/storage-js@2.112.3?target=denonext": "381f81e985a19697461e5276b8ac56bfc8fc5689291b88a520aac470adb69755",
    "https://esm.sh/@supabase/supabase-js@2.53.0": "dda3361e12703cb6bf2036371d9d8204086ac9da634bc83bf4a3a37fdb32df84",
    "https://esm.sh/@supabase/supabase-js@2.53.0/denonext/supabase-js.mjs": "762b2be2e5015ba6fcf09e9b4b2789213493224f4e04cd7067e32e6696d38b1a",
    "https://esm.sh/@xmldom/xmldom@0.8.14/denonext/lib/dom.mjs": "346080140554daea86e71b8b13c0a2e207f4301786648fd9a36c6ea909e5b38e",
    "https://esm.sh/@xmldom/xmldom@0.8.14/denonext/xmldom.mjs": "cbef3c73cda1eaa5c5190dd9e635c5a11f8ae9bb9cc365a3850959e7cd9043be",
    "https://esm.sh/@xmldom/xmldom@0.8.14/lib/dom?target=denonext": "ad51211bcafe05425d158c57f49e10d83050990f0475b51ea9d257b2a63bdba7",
    "https://esm.sh/@xmldom/xmldom@0.8.14?target=denonext": "3c1f06c2bfe99cb7236848a985cf84532c1e8e6fb6fc61f2395e45f5611806be",
    "https://esm.sh/base64-js@1.5.1/denonext/base64-js.mjs": "5dbae8a1d8f5789da21736786f9921727523b5ccc64cbcf9f831331c381957dc",
    "https://esm.sh/base64-js@1.5.1?target=denonext": "7c2f775b41bd5df47fedaa143e6619625c9d81f34302d6aa030e20d9a7240633",
    "https://esm.sh/bluebird@3.4.7/denonext/js/release/promise.mjs": "649cf7be2970270b64ce6a34b115c99a2c2a5c29f3c422bc3bba20c50167c8be",
    "https://esm.sh/bluebird@3.4.7/js/release/promise?target=denonext": "9aeec649a9e8863e49becd4e2b0014f7605292824f470a653ce64036ec57d8f6",
    "https://esm.sh/buffer-crc32@0.2.13/denonext/buffer-crc32.mjs": "5c1fc34bf9629eb8298cb95e4a07db85d1d020653261de95507002fdf2fb3568",
    "https://esm.sh/buffer-crc32@0.2.13?target=denonext": "53b88a839d526069f800521d40d40452c3a601a9c46a3ef437531f9aaa4768bc",
    "https://esm.sh/core-util-is@1.0.3/denonext/core-util-is.mjs": "cfcf1ae63d56751cbe4b3b90b90b7eea577c5380c4adc272ddea4b7db2bdbbf2",
    "https://esm.sh/core-util-is@1.0.3?target=denonext": "6c72958f8a1c8f42016b48c984a0f3d799ea1e0cd321f499fec0bf8db916c17f",
    "https://esm.sh/dingbat-to-unicode@1.0.1/denonext/dingbat-to-unicode.mjs": "e6070ddb3e14183ee620bb1992ae3a58b6eed2850552c2276950e91b0b1a820e",
    "https://esm.sh/dingbat-to-unicode@1.0.1?target=denonext": "87a68a1583bc61b3a35bccf5f93892ff7bdca5033ceba5007910f7e22423c62f",
    "https://esm.sh/fd-slicer@1.1.0/denonext/fd-slicer.mjs": "e7e78d921354dc001a89dd73190f4c6d11f3b5a44deba590ff169e58cdb610aa",
    "https://esm.sh/fd-slicer@1.1.0?target=denonext": "66cba97a3ed5d6f488e839927feef04fdb4aa4beaacd275e03ab9c955711d988",
    "https://esm.sh/iceberg-js@0.8.1/denonext/iceberg-js.mjs": "d839d81a2e3966500ca2cdd0c1cb458e9608bacfc91f7bb67a69b2e878dcdb4f",
    "https://esm.sh/iceberg-js@0.8.1?target=denonext": "58c849d7fe2bf4eca4a84eb501e83c161a7d8c34ca1bec15a962b3bec3062633",
    "https://esm.sh/immediate@3.0.6/denonext/immediate.mjs": "7148ba33cb905f7aca49affbacfa6a8257cd6b89e8c3c7c728d2d0387b4cce29",
    "https://esm.sh/immediate@3.0.6?target=denonext": "fba8d9ddb37f19ff27c0b1c5b4486ab82805114b14959379d92ca05d6351c5d3",
    "https://esm.sh/isarray@1.0.0/denonext/isarray.mjs": "0f26133cd58fc8580f99bbfd81f6290718328dc2a683c313c36f6b1e8c174edc",
    "https://esm.sh/isarray@1.0.0?target=denonext": "00e227f6d016cb5a5f832f6f2de91dd8ab092c7ac830c551bfcf0f63284d89e6",
    "https://esm.sh/isows@1.0.7/denonext/isows.mjs": "be1812ebbf28737b43588bbcbd89bf43345e3d58d32be13def331d12361045b4",
    "https://esm.sh/isows@1.0.7?target=denonext": "31b7306eada995ba18e29841d688a42bcc0166caf302e1b183b6d2a7c649f262",
    "https://esm.sh/jszip@3.10.1/denonext/jszip.mjs": "4da1ff531e0c52da8af033e20872992a17935e0f416e9625b6ed2600de695587",
    "https://esm.sh/jszip@3.10.1?target=denonext": "0428be12429bcc51e7067c0f35e99e09b65db0f40843497cf9c23f1bdfff27c3",
    "https://esm.sh/lie@3.3.0/denonext/lie.mjs": "20db2fef139e87d467b7cf24a9e53053e96460fefedde5910f925b1d0ddc0cba",
    "https://esm.sh/lie@3.3.0?target=denonext": "74a2c724bd2fef30c46c612632dfd2ee37394f1a4540eb112e0df2ef98df0434",
    "https://esm.sh/lop@0.4.2/denonext/lop.mjs": "98f2b8ad6ced8fc1498096bda398fb8926f7a2b323e240c219780b3fff315809",
    "https://esm.sh/lop@0.4.2?target=denonext": "a2cafe67bc2bfa2f748dbbf8f9bbd2d45317ced001adc22b9ea66daa4e497726",
    "https://esm.sh/mammoth@1.8.0": "20a39288ed3b562a5b46902f28bc7b4ec99982aebcfbdca68e7993bc5025f37b",
    "https://esm.sh/mammoth@1.8.0/denonext/mammoth.mjs": "dad6d4cf41576c17b97cefef58ce2f8dc8be266b61c6f237481d2805f0eda990",
    "https://esm.sh/option@0.2.4/denonext/option.mjs": "b8cf03e5854c10ff126fbd14e220ebdae474aca8456f4f04a754ac02c1ebb756",
    "https://esm.sh/option@0.2.4?target=denonext": "9be76649363d881dafbdd9379a4d9801f6cf70f573cd53cc6ae00e2d016587f1",
    "https://esm.sh/pako@1.0.11/denonext/pako.mjs": "4895feb3e2441ef725da4052a5dc93d219d065fef1decc4452bb9b7ee1477c0d",
    "https://esm.sh/pako@1.0.11?target=denonext": "bc43f66ed245d58d468bf9867b3e9080c5b0590b4c14038ea308954490e0b2ea",
    "https://esm.sh/path-is-absolute@1.0.1/denonext/path-is-absolute.mjs": "766423bb65ca750b4e728e59bfa01b674e5a6fe0c6409220710f2edb74acaa89",
    "https://esm.sh/path-is-absolute@1.0.1?target=denonext": "7dc4538eb9f034c0c977400f7c3c367a088e5245817fc8a5d27597f405eda85b",
    "https://esm.sh/pdf-lib@1.17.1": "cf7c5527829cb9bbb3aa20d339c530067441c10eb98880360aea9e77c3c87ff8",
    "https://esm.sh/pdf-lib@1.17.1/denonext/es/core/annotation.mjs": "9fea26c9d06ec825c6bde7f498361fa4cf91cfa7f6c67c362c96edb812fe4619",
    "https://esm.sh/pdf-lib@1.17.1/denonext/es/utils.mjs": "cf96c5836fdd5f60eeccd53603c87b52c43c11c8b99e85f79f586be58a59f4d1",
    "https://esm.sh/pdf-lib@1.17.1/denonext/es/utils/index.mjs": "34773d399ffdacd2972f527377d293aa3bff9d3a0d31d48d956a00c9c0c32329",
    "https://esm.sh/pdf-lib@1.17.1/denonext/pdf-lib.mjs": "3be07aa3466e0e9eee79730a775211d6bb8547c0cb9d203c09dde6feca1dc559",
    "https://esm.sh/pend@1.2.0/denonext/pend.mjs": "5cfef3e88d7cefa5b20f46241ee057f4bb87e0aa9278bbb925bf36b4f4bd5672",
    "https://esm.sh/pend@1.2.0?target=denonext": "7d78615099b0aa0c0324d4eae389824cc414ea56f0cfb5d20bfa339aeebd44f5",
    "https://esm.sh/process-nextick-args@2.0.1/denonext/process-nextick-args.mjs": "adffdd507c6571957aaab9d3f0a2aa54febdda1b4d546a57967fd2299505339e",
    "https://esm.sh/process-nextick-args@2.0.1?target=denonext": "b80260031d83086964facc0efc6e2cc8fd878d9ce14dfcf6999e508a4d8d13d0",
    "https://esm.sh/readable-stream@2.3.8/denonext/readable-stream.mjs": "ce8c7e2e7783c4487c1e9fcaf8824f0af26d48e6f5fe02fa9cbd70c34799ef98",
    "https://esm.sh/readable-stream@2.3.8?target=denonext": "a8d158c470101e7518fdf293728d4cb8b2ab2cac73140940c8a9ee5542194e13",
    "https://esm.sh/safe-buffer@5.1.2/denonext/safe-buffer.mjs": "848e2c2dafb98ea738399526e4396607872d1118acf8eb56eecd2a5f3be75568",
    "https://esm.sh/safe-buffer@5.1.2?target=denonext": "3126988c629e3dc2d6126b26f654aceae10ad989622a21cb2a73ee72603f7df8",
    "https://esm.sh/saxes@5.0.1/denonext/saxes.mjs": "c358a731de5f48892ccc8496733cabaf47bb047c87735bef0d3c3a53731e8cb3",
    "https://esm.sh/saxes@5.0.1?target=denonext": "05f7417c05d2ce6d0eb549c50c39af9243df5130485384d747a0d2b6c4a55e46",
    "https://esm.sh/setimmediate@1.0.5/denonext/setimmediate.mjs": "30f30e809d4a3826d3c0821bd60d5ae6997a2950ab6f56eac0661e4a0fc9530f",
    "https://esm.sh/setimmediate@1.0.5?target=denonext": "e4cdae47cf945bcf372b8dcb0cdc8a494d616eac423ae43375097a1a01b57704",
    "https://esm.sh/string_decoder@1.1.1/denonext/string_decoder.mjs": "494e5a7fae95d5326e8aee93b4adfde75e389eea7a54bc1feea8549e786da032",
    "https://esm.sh/string_decoder@1.1.1?target=denonext": "092c97b62b99368a40fa044c402188472658bc71529415f73c16f66c05aaf6bf",
    "https://esm.sh/tr46@0.0.3/denonext/tr46.mjs": "5753ec0a99414f4055f0c1f97691100f13d88e48a8443b00aebb90a512785fa2",
    "https://esm.sh/tr46@0.0.3?target=denonext": "19cb9be0f0d418a0c3abb81f2df31f080e9540a04e43b0f699bce1149cba0cbb",
    "https://esm.sh/tslib@1.14.1/denonext/tslib.mjs": "748739307d67fbaa8ae634eed70715714dd1f54f04fe8635bcb7f72cb0aaed62",
    "https://esm.sh/tslib@1.14.1?target=denonext": "2982231d9e09e6f007540c7a24c12a7cccb0e84ca98df2ad86ff2bdca1c0fa35",
    "https://esm.sh/underscore@1.13.8/denonext/underscore.mjs": "9cdaa7129cc86ded6121ec785200b32fea2fbbb5431d94b60d4b1b5a11a27dd9",
    "https://esm.sh/underscore@1.13.8?target=denonext": "0dbfb07dfc7ed8b609f53a8ab9c7798d563d15dbda494968df9abe605faba11d",
    "https://esm.sh/util-deprecate@1.0.2/denonext/util-deprecate.mjs": "083639894972cb68837eef26346c43bdd01357977149e0a4493f76192a4008b8",
    "https://esm.sh/util-deprecate@1.0.2?target=denonext": "859f4df8ba771a4c33143185d3db6a7edb824fab1ed4f9a4b96ac0e6bc3ef1a4",
    "https://esm.sh/webidl-conversions@3.0.1/denonext/webidl-conversions.mjs": "238cd0743827707cbc1c2d7c2cf1027dbc536fb53ec9a3fde0ff8026a3ac5385",
    "https://esm.sh/webidl-conversions@3.0.1?target=denonext": "4e20318d50528084616c79d7b3f6e7f0fe7b6d09013bd01b3974d7448d767e29",
    "https://esm.sh/whatwg-url@5.0.0/denonext/whatwg-url.mjs": "29b16d74ee72624c915745bbd25b617cfd2248c6af0f5120d131e232a9a9af79",
    "https://esm.sh/whatwg-url@5.0.0?target=denonext": "f001a2cadf81312d214ca330033f474e74d81a003e21e8c5d70a1f46dc97b02d",
    "https://esm.sh/word-extractor@1.0.4": "25f40b0e78b35c092544a8866748ce846aa283ac1f2426a5e133c5506722bfab",
    "https://esm.sh/word-extractor@1.0.4/denonext/word-extractor.mjs": "6143a9634f4ac769ed1f5f2d8612f10bb089c700ca283e307561bbaa95be70e6",
    "https://esm.sh/xmlbuilder@10.1.1/denonext/xmlbuilder.mjs": "b017c5ea3846ac18d11d543af45e2a86bf7a0ffa348297c505c706bebad8e773",
    "https://esm.sh/xmlbuilder@10.1.1?target=denonext": "6ecf6c3da09138f6b2890fa464c7bf7c0a11ff713fadd2ac16d618b76567e9cd",
    "https://esm.sh/xmlchars@2.2.0/denonext/xml/1.0/ed5.mjs": "7e95e56afc46284fd6e3e43ec430f636d3db5a0840829b188627c160f36b1c7e",
    "https://esm.sh/xmlchars@2.2.0/denonext/xml/1.1/ed2.mjs": "bde6c65b73865ce561376fc19316dc52bdf8b0b998fb3c3bdab481d2a4d9de0a",
    "https://esm.sh/xmlchars@2.2.0/denonext/xmlns/1.0/ed3.mjs": "ab12a41555aa2468e6f8f42649ae209163e9ab835ca05817cb4f95bac8699ce9",
    "https://esm.sh/xmlchars@2.2.0/xml/1.0/ed5?target=denonext": "b1ca831e2cf0954307ebded209a1657cb27223f2a1fd0b347ffcb4e566e997ad",
    "https://esm.sh/xmlchars@2.2.0/xml/1.1/ed2?target=denonext": "005781985db506e433617587305e4176c3f3333ac4bb8b0db2a953f0e14bf71c",
    "https://esm.sh/xmlchars@2.2.0/xmlns/1.0/ed3?target=denonext": "be6502edd92b286ab2a25e3f5db439700ff79daa964aa3d6e4a0c109af35dd36",
    "https://esm.sh/yauzl@2.10.0/denonext/yauzl.mjs": "a5989e672f81cc21b5d960f688f4c6a348e05d14187ecebc0ff1faa1ac5ef9bd",
    "https://esm.sh/yauzl@2.10.0?target=denonext": "e9eb0c69d331bd0c22e3abb1431e2fa2bab9a6817811b3f75ad1cfe46f632edb"
  },
  "workspace": {
    "packageJson": {
      "dependencies": [
        "npm:@eslint/js@^9.9.0",
        "npm:@hookform/resolvers@^3.9.0",
        "npm:@radix-ui/react-accordion@^1.2.0",
        "npm:@radix-ui/react-alert-dialog@^1.1.1",
        "npm:@radix-ui/react-aspect-ratio@^1.1.0",
        "npm:@radix-ui/react-avatar@^1.1.0",
        "npm:@radix-ui/react-checkbox@^1.1.1",
        "npm:@radix-ui/react-collapsible@^1.1.0",
        "npm:@radix-ui/react-context-menu@^2.2.1",
        "npm:@radix-ui/react-dialog@^1.1.2",
        "npm:@radix-ui/react-dropdown-menu@^2.1.1",
        "npm:@radix-ui/react-hover-card@^1.1.1",
        "npm:@radix-ui/react-label@^2.1.0",
        "npm:@radix-ui/react-menubar@^1.1.1",
        "npm:@radix-ui/react-navigation-menu@^1.2.0",
        "npm:@radix-ui/react-popover@^1.1.1",
        "npm:@radix-ui/react-progress@^1.1.0",
        "npm:@radix-ui/react-radio-group@^1.2.0",
        "npm:@radix-ui/react-scroll-area@^1.1.0",
        "npm:@radix-ui/react-select@^2.1.1",
        "npm:@radix-ui/react-separator@^1.1.0",
        "npm:@radix-ui/react-slider@^1.2.0",
        "npm:@radix-ui/react-slot@^1.1.0",
        "npm:@radix-ui/react-switch@^1.1.0",
        "npm:@radix-ui/react-tabs@^1.1.0",
        "npm:@radix-ui/react-toast@^1.2.1",
        "npm:@radix-ui/react-toggle-group@^1.1.0",
        "npm:@radix-ui/react-toggle@^1.1.0",
        "npm:@radix-ui/react-tooltip@^1.1.4",
        "npm:@react-three/drei@^9.122.0",
        "npm:@react-three/fiber@^8.18.0",
        "npm:@supabase/supabase-js@^2.97.0",
        "npm:@tailwindcss/typography@~0.5.19",
        "npm:@tanstack/react-query@^5.56.2",
        "npm:@types/file-saver@^2.0.7",
        "npm:@types/jsbarcode@^3.11.4",
        "npm:@types/node@^22.5.5",
        "npm:@types/qrcode@^1.5.6",
        "npm:@types/react-dom@^18.3.0",
        "npm:@types/react-grid-layout@^1.3.6",
        "npm:@types/react@^18.3.3",
        "npm:@vitejs/plugin-react-swc@^3.5.0",
        "npm:autoprefixer@^10.4.20",
        "npm:canvas-confetti@^1.9.4",
        "npm:class-variance-authority@~0.7.1",
        "npm:clsx@^2.1.1",
        "npm:cmdk@1",
        "npm:date-fns@^3.6.0",
        "npm:embla-carousel-autoplay@^8.6.0",
        "npm:embla-carousel-react@^8.3.0",
        "npm:eslint-plugin-react-hooks@^5.1.0-rc.0",
        "npm:eslint-plugin-react-refresh@~0.4.9",
        "npm:eslint@^9.9.0",
        "npm:file-saver@^2.0.5",
        "npm:framer-motion@^12.26.2",
        "npm:globals@^15.9.0",
        "npm:i18next@^25.8.0",
        "npm:input-otp@^1.2.4",
        "npm:jsbarcode@^3.12.3",
        "npm:jspdf-autotable@^5.0.2",
        "npm:jspdf@^4.2.1",
        "npm:lovable-tagger@^1.1.7",
        "npm:lucide-react@0.462",
        "npm:next-themes@0.3",
        "npm:postcss@^8.4.47",
        "npm:qrcode.react@^4.2.0",
        "npm:qrcode@^1.5.4",
        "npm:react-day-picker@^8.10.1",
        "npm:react-dom@^18.3.1",
        "npm:react-grid-layout@^1.5.2",
        "npm:react-hook-form@^7.53.0",
        "npm:react-i18next@^16.5.3",
        "npm:react-joyride@^2.9.3",
        "npm:react-resizable-panels@^2.1.3",
        "npm:react-router-dom@^6.26.2",
        "npm:react@^18.3.1",
        "npm:recharts@^2.12.7",
        "npm:sonner@^1.5.0",
        "npm:tailwind-merge@^2.5.2",
        "npm:tailwindcss-animate@^1.0.7",
        "npm:tailwindcss@^3.4.11",
        "npm:three@0.173",
        "npm:tsx@^4.23.0",
        "npm:typescript-eslint@^8.0.1",
        "npm:typescript@^5.5.3",
        "npm:vaul@~0.9.3",
        "npm:vite@^6.4.3",
        "npm:xlsx@~0.18.5",
        "npm:zod@^3.23.8"
      ]
    }
  }
}
